
Microsoft Visual Studio Solution File, Format Version 12.00
# Visual Studio Version 16
VisualStudioVersion = 16.0.31019.35
MinimumVisualStudioVersion = 10.0.40219.1
Project("{FAE04EC0-301F-11D3-BF4B-00C04F79EFBC}") = "CalculatorTestWebService", "CalculatorTestWebService.csproj", "{2532924E-2CE8-4037-A417-69540AE8DAC0}"
EndProject
Project("{FAE04EC0-301F-11D3-BF4B-00C04F79EFBC}") = "CalculatorDataAccess", "CalculatorDataAccess\CalculatorDataAccess.csproj", "{5972D808-8266-4BC4-B10C-E86BC3FF42B2}"
EndProject
Project("{FAE04EC0-301F-11D3-BF4B-00C04F79EFBC}") = "CalculatorTestWebService.Test", "CalculatorTestWebService.Test\CalculatorTestWebService.Test.csproj", "{9D134E87-7F6F-4D69-ACCA-ECEA4263A431}"
EndProject
Global
	GlobalSection(SolutionConfigurationPlatforms) = preSolution
		Debug|Any CPU = Debug|Any CPU
		Release|Any CPU = Release|Any CPU
	EndGlobalSection
	GlobalSection(ProjectConfigurationPlatforms) = postSolution
		{2532924E-2CE8-4037-A417-69540AE8DAC0}.Debug|Any CPU.ActiveCfg = Debug|Any CPU
		{2532924E-2CE8-4037-A417-69540AE8DAC0}.Debug|Any CPU.Build.0 = Debug|Any CPU
		{2532924E-2CE8-4037-A417-69540AE8DAC0}.Release|Any CPU.ActiveCfg = Release|Any CPU
		{2532924E-2CE8-4037-A417-69540AE8DAC0}.Release|Any CPU.Build.0 = Release|Any CPU
		{5972D808-8266-4BC4-B10C-E86BC3FF42B2}.Debug|Any CPU.ActiveCfg = Debug|Any CPU
		{5972D808-8266-4BC4-B10C-E86BC3FF42B2}.Debug|Any CPU.Build.0 = Debug|Any CPU
		{5972D808-8266-4BC4-B10C-E86BC3FF42B2}.Release|Any CPU.ActiveCfg = Release|Any CPU
		{5972D808-8266-4BC4-B10C-E86BC3FF42B2}.Release|Any CPU.Build.0 = Release|Any CPU
		{9D134E87-7F6F-4D69-ACCA-ECEA4263A431}.Debug|Any CPU.ActiveCfg = Debug|Any CPU
		{9D134E87-7F6F-4D69-ACCA-ECEA4263A431}.Debug|Any CPU.Build.0 = Debug|Any CPU
		{9D134E87-7F6F-4D69-ACCA-ECEA4263A431}.Release|Any CPU.ActiveCfg = Release|Any CPU
		{9D134E87-7F6F-4D69-ACCA-ECEA4263A431}.Release|Any CPU.Build.0 = Release|Any CPU
	EndGlobalSection
	GlobalSection(SolutionProperties) = preSolution
		HideSolutionNode = FALSE
	EndGlobalSection
	GlobalSection(ExtensibilityGlobals) = postSolution
		SolutionGuid = {89910006-2DAD-49E3-9C1A-689D1311D3F8}
	EndGlobalSection
EndGlobal
